Microsoft Visual Studio Solution File, Format Version 12.00
# Visual Studio Version 17
VisualStudioVersion = 17.5.2.0
MinimumVisualStudioVersion = 10.0.40219.1
Project("{2150E333-8FDC-42A3-9474-1A3956D46DE8}") = "SPtoDotnet2Migration", "SPtoDotnet2Migration", "{C7BCAD9B-B798-2B79-64CC-AB67B9E6756B}"
EndProject
Project("{FAE04EC0-301F-11D3-BF4B-00C04F79EFBC}") = "OrderManagementAPI", "SPtoDotnet2Migration\OrderManagementAPI\OrderManagementAPI.csproj", "{6ACCEEE0-1680-9C60-0DC5-B55086543AF4}"
EndProject
Global
	GlobalSection(SolutionConfigurationPlatforms) = preSolution
		Debug|Any CPU = Debug|Any CPU
		Release|Any CPU = Release|Any CPU
	EndGlobalSection
	GlobalSection(ProjectConfigurationPlatforms) = postSolution
		{6ACCEEE0-1680-9C60-0DC5-B55086543AF4}.Debug|Any CPU.ActiveCfg = Debug|Any CPU
		{6ACCEEE0-1680-9C60-0DC5-B55086543AF4}.Debug|Any CPU.Build.0 = Debug|Any CPU
		{6ACCEEE0-1680-9C60-0DC5-B55086543AF4}.Release|Any CPU.ActiveCfg = Release|Any CPU
		{6ACCEEE0-1680-9C60-0DC5-B55086543AF4}.Release|Any CPU.Build.0 = Release|Any CPU
	EndGlobalSection
	GlobalSection(SolutionProperties) = preSolution
		HideSolutionNode = FALSE
	EndGlobalSection
	GlobalSection(NestedProjects) = preSolution
		{6ACCEEE0-1680-9C60-0DC5-B55086543AF4} = {C7BCAD9B-B798-2B79-64CC-AB67B9E6756B}
	EndGlobalSection
	GlobalSection(ExtensibilityGlobals) = postSolution
		SolutionGuid = {A62CE2F4-8BA2-4D3D-BC5F-79FC6830148B}
	EndGlobalSection
EndGlobal
